// !$*UTF8*$!
{
	archiveVersion = 1;
	classes = {
	};
	objectVersion = 51;
	objects = {

/* Begin PBXBuildFile section */
		270BC861261319B5002B074D /* WorkoutHistoryView.swift in Sources */ = {isa = PBXBuildFile; fileRef = 270BC860261319B5002B074D /* WorkoutHistoryView.swift */; };
		271438CA2615384100EEA387 /* WorkoutCardView.swift in Sources */ = {isa = PBXBuildFile; fileRef = 271438C92615384100EEA387 /* WorkoutCardView.swift */; };
		271438CF2615F85F00EEA387 /* ImagePicker.swift in Sources */ = {isa = PBXBuildFile; fileRef = 271438CE2615F85F00EEA387 /* ImagePicker.swift */; };
		271438FC2616234800EEA387 /* ImageLoader.swift in Sources */ = {isa = PBXBuildFile; fileRef = 271438FB2616234800EEA387 /* ImageLoader.swift */; };
		271438FF2616236800EEA387 /* WorkoutImageView.swift in Sources */ = {isa = PBXBuildFile; fileRef = 271438FE2616236800EEA387 /* WorkoutImageView.swift */; };
		272807F22624663B00C7156B /* ProfileView.swift in Sources */ = {isa = PBXBuildFile; fileRef = 272807F12624663B00C7156B /* ProfileView.swift */; };
		2740D755261333DE00A7B5AC /* NewWorkoutView.swift in Sources */ = {isa = PBXBuildFile; fileRef = 2740D754261333DE00A7B5AC /* NewWorkoutView.swift */; };
		2740D75A2613394C00A7B5AC /* WorkoutStore.swift in Sources */ = {isa = PBXBuildFile; fileRef = 2740D7592613394C00A7B5AC /* WorkoutStore.swift */; };
		276BBB6B2611E944001D1F62 /* SessionStore.swift in Sources */ = {isa = PBXBuildFile; fileRef = 276BBB6A2611E944001D1F62 /* SessionStore.swift */; };
		276BBB6E261209F2001D1F62 /* AuthView.swift in Sources */ = {isa = PBXBuildFile; fileRef = 276BBB6D261209F2001D1F62 /* AuthView.swift */; };
		27A54B1D26147557006030E6 /* WorkoutDetailView.swift in Sources */ = {isa = PBXBuildFile; fileRef = 27A54B1C26147557006030E6 /* WorkoutDetailView.swift */; };
		27FB703F260E339A0033B953 /* Stacked_FitnessApp.swift in Sources */ = {isa = PBXBuildFile; fileRef = 27FB703E260E339A0033B953 /* Stacked_FitnessApp.swift */; };
		27FB7041260E339A0033B953 /* ContentView.swift in Sources */ = {isa = PBXBuildFile; fileRef = 27FB7040260E339A0033B953 /* ContentView.swift */; };
		27FB7043260E339B0033B953 /* Assets.xcassets in Resources */ = {isa = PBXBuildFile; fileRef = 27FB7042260E339B0033B953 /* Assets.xcassets */; };
		27FB7046260E339B0033B953 /* Preview Assets.xcassets in Resources */ = {isa = PBXBuildFile; fileRef = 27FB7045260E339B0033B953 /* Preview Assets.xcassets */; };
		27FB704F260E377A0033B953 /* GoogleService-Info.plist in Resources */ = {isa = PBXBuildFile; fileRef = 27FB704E260E377A0033B953 /* GoogleService-Info.plist */; };
		79FF58268ABD1F28CFB8ED3B /* Pods_Stacked_Fitness.framework in Frameworks */ = {isa = PBXBuildFile; fileRef = 4BF875CB17F45115DFB4D373 /* Pods_Stacked_Fitness.framework */; };
/* End PBXBuildFile section */

/* Begin PBXFileReference section */
		270BC860261319B5002B074D /* WorkoutHistoryView.swift */ = {isa = PBXFileReference; lastKnownFileType = sourcecode.swift; path = WorkoutHistoryView.swift; sourceTree = "<group>"; };
		271438C92615384100EEA387 /* WorkoutCardView.swift */ = {isa = PBXFileReference; lastKnownFileType = sourcecode.swift; path = WorkoutCardView.swift; sourceTree = "<group>"; };
		271438CE2615F85F00EEA387 /* ImagePicker.swift */ = {isa = PBXFileReference; lastKnownFileType = sourcecode.swift; path = ImagePicker.swift; sourceTree = "<group>"; };
		271438FB2616234800EEA387 /* ImageLoader.swift */ = {isa = PBXFileReference; lastKnownFileType = sourcecode.swift; path = ImageLoader.swift; sourceTree = "<group>"; };
		271438FE2616236800EEA387 /* WorkoutImageView.swift */ = {isa = PBXFileReference; lastKnownFileType = sourcecode.swift; path = WorkoutImageView.swift; sourceTree = "<group>"; };
		272807F12624663B00C7156B /* ProfileView.swift */ = {isa = PBXFileReference; lastKnownFileType = sourcecode.swift; path = ProfileView.swift; sourceTree = "<group>"; };
		2740D754261333DE00A7B5AC /* NewWorkoutView.swift */ = {isa = PBXFileReference; lastKnownFileType = sourcecode.swift; path = NewWorkoutView.swift; sourceTree = "<group>"; };
		2740D7592613394C00A7B5AC /* WorkoutStore.swift */ = {isa = PBXFileReference; lastKnownFileType = sourcecode.swift; path = WorkoutStore.swift; sourceTree = "<group>"; };
		276BBB6A2611E944001D1F62 /* SessionStore.swift */ = {isa = PBXFileReference; lastKnownFileType = sourcecode.swift; path = SessionStore.swift; sourceTree = "<group>"; };
		276BBB6D261209F2001D1F62 /* AuthView.swift */ = {isa = PBXFileReference; lastKnownFileType = sourcecode.swift; path = AuthView.swift; sourceTree = "<group>"; };
		27A54B1C26147557006030E6 /* WorkoutDetailView.swift */ = {isa = PBXFileReference; lastKnownFileType = sourcecode.swift; path = WorkoutDetailView.swift; sourceTree = "<group>"; };
		27FB703B260E339A0033B953 /* Stacked Fitness.app */ = {isa = PBXFileReference; explicitFileType = wrapper.application; includeInIndex = 0; path = "Stacked Fitness.app"; sourceTree = BUILT_PRODUCTS_DIR; };
		27FB703E260E339A0033B953 /* Stacked_FitnessApp.swift */ = {isa = PBXFileReference; lastKnownFileType = sourcecode.swift; path = Stacked_FitnessApp.swift; sourceTree = "<group>"; };
		27FB7040260E339A0033B953 /* ContentView.swift */ = {isa = PBXFileReference; lastKnownFileType = sourcecode.swift; path = ContentView.swift; sourceTree = "<group>"; };
		27FB7042260E339B0033B953 /* Assets.xcassets */ = {isa = PBXFileReference; lastKnownFileType = folder.assetcatalog; path = Assets.xcassets; sourceTree = "<group>"; };
		27FB7045260E339B0033B953 /* Preview Assets.xcassets */ = {isa = PBXFileReference; lastKnownFileType = folder.assetcatalog; path = "Preview Assets.xcassets"; sourceTree = "<group>"; };
		27FB7047260E339B0033B953 /* Info.plist */ = {isa = PBXFileReference; lastKnownFileType = text.plist.xml; path = Info.plist; sourceTree = "<group>"; };
		27FB704E260E377A0033B953 /* GoogleService-Info.plist */ = {isa = PBXFileReference; fileEncoding = 4; lastKnownFileType = text.plist.xml; path = "GoogleService-Info.plist"; sourceTree = "<group>"; };
		4BF875CB17F45115DFB4D373 /* Pods_Stacked_Fitness.framework */ = {isa = PBXFileReference; explicitFileType = wrapper.framework; includeInIndex = 0; path = Pods_Stacked_Fitness.framework; sourceTree = BUILT_PRODUCTS_DIR; };
		571E851361C96FFB85247780 /* Pods-Stacked Fitness.debug.xcconfig */ = {isa = PBXFileReference; includeInIndex = 1; lastKnownFileType = text.xcconfig; name = "Pods-Stacked Fitness.debug.xcconfig"; path = "Target Support Files/Pods-Stacked Fitness/Pods-Stacked Fitness.debug.xcconfig"; sourceTree = "<group>"; };
		B88C17264F892B640519B490 /* Pods-Stacked Fitness.release.xcconfig */ = {isa = PBXFileReference; includeInIndex = 1; lastKnownFileType = text.xcconfig; name = "Pods-Stacked Fitness.release.xcconfig"; path = "Target Support Files/Pods-Stacked Fitness/Pods-Stacked Fitness.release.xcconfig"; sourceTree = "<group>"; };
/* End PBXFileReference section */

/* Begin PBXFrameworksBuildPhase section */
		27FB7038260E339A0033B953 /* Frameworks */ = {
			isa = PBXFrameworksBuildPhase;
			buildActionMask = 2147483647;
			files = (
				79FF58268ABD1F28CFB8ED3B /* Pods_Stacked_Fitness.framework in Frameworks */,
			);
			runOnlyForDeploymentPostprocessing = 0;
		};
/* End PBXFrameworksBuildPhase section */

/* Begin PBXGroup section */
		271438C82615382C00EEA387 /* Views */ = {
			isa = PBXGroup;
			children = (
				271438C92615384100EEA387 /* WorkoutCardView.swift */,
				271438FE2616236800EEA387 /* WorkoutImageView.swift */,
			);
			path = Views;
			sourceTree = "<group>";
		};
		2740D7582613392900A7B5AC /* Model */ = {
			isa = PBXGroup;
			children = (
				276BBB6A2611E944001D1F62 /* SessionStore.swift */,
				2740D7592613394C00A7B5AC /* WorkoutStore.swift */,
				271438FB2616234800EEA387 /* ImageLoader.swift */,
			);
			path = Model;
			sourceTree = "<group>";
		};
		27A54B1F261477D8006030E6 /* Screens */ = {
			isa = PBXGroup;
			children = (
				276BBB6D261209F2001D1F62 /* AuthView.swift */,
				270BC860261319B5002B074D /* WorkoutHistoryView.swift */,
				2740D754261333DE00A7B5AC /* NewWorkoutView.swift */,
				27A54B1C26147557006030E6 /* WorkoutDetailView.swift */,
				272807F12624663B00C7156B /* ProfileView.swift */,
			);
			path = Screens;
			sourceTree = "<group>";
		};
		27FB7032260E33990033B953 = {
			isa = PBXGroup;
			children = (
				27FB703D260E339A0033B953 /* Stacked Fitness */,
				27FB703C260E339A0033B953 /* Products */,
				955F865EB06587F3B56CABDC /* Pods */,
				ADE6900BB03AB6AAA84C3E59 /* Frameworks */,
			);
			sourceTree = "<group>";
		};
		27FB703C260E339A0033B953 /* Products */ = {
			isa = PBXGroup;
			children = (
				27FB703B260E339A0033B953 /* Stacked Fitness.app */,
			);
			name = Products;
			sourceTree = "<group>";
		};
		27FB703D260E339A0033B953 /* Stacked Fitness */ = {
			isa = PBXGroup;
			children = (
				271438C82615382C00EEA387 /* Views */,
				27A54B1F261477D8006030E6 /* Screens */,
				2740D7582613392900A7B5AC /* Model */,
				27FB704E260E377A0033B953 /* GoogleService-Info.plist */,
				27FB703E260E339A0033B953 /* Stacked_FitnessApp.swift */,
				27FB7040260E339A0033B953 /* ContentView.swift */,
				27FB7042260E339B0033B953 /* Assets.xcassets */,
				27FB7047260E339B0033B953 /* Info.plist */,
				27FB7044260E339B0033B953 /* Preview Content */,
				271438CE2615F85F00EEA387 /* ImagePicker.swift */,
			);
			path = "Stacked Fitness";
			sourceTree = "<group>";
		};
		27FB7044260E339B0033B953 /* Preview Content */ = {
			isa = PBXGroup;
			children = (
				27FB7045260E339B0033B953 /* Preview Assets.xcassets */,
			);
			path = "Preview Content";
			sourceTree = "<group>";
		};
		955F865EB06587F3B56CABDC /* Pods */ = {
			isa = PBXGroup;
			children = (
				571E851361C96FFB85247780 /* Pods-Stacked Fitness.debug.xcconfig */,
				B88C17264F892B640519B490 /* Pods-Stacked Fitness.release.xcconfig */,
			);
			path = Pods;
			sourceTree = "<group>";
		};
		ADE6900BB03AB6AAA84C3E59 /* Frameworks */ = {
			isa = PBXGroup;
			children = (
				4BF875CB17F45115DFB4D373 /* Pods_Stacked_Fitness.framework */,
			);
			name = Frameworks;
			sourceTree = "<group>";
		};
/* End PBXGroup section */

/* Begin PBXNativeTarget section */
		27FB703A260E339A0033B953 /* Stacked Fitness */ = {
			isa = PBXNativeTarget;
			buildConfigurationList = 27FB704A260E339B0033B953 /* Build configuration list for PBXNativeTarget "Stacked Fitness" */;
			buildPhases = (
				EA26AC1651B57DE676DBD07D /* [CP] Check Pods Manifest.lock */,
				27FB7037260E339A0033B953 /* Sources */,
				27FB7038260E339A0033B953 /* Frameworks */,
				27FB7039260E339A0033B953 /* Resources */,
				749D58CC19FCB8182C3E84E7 /* [CP] Embed Pods Frameworks */,
			);
			buildRules = (
			);
			dependencies = (
			);
			name = "Stacked Fitness";
			productName = "Stacked Fitness";
			productReference = 27FB703B260E339A0033B953 /* Stacked Fitness.app */;
			productType = "com.apple.product-type.application";
		};
/* End PBXNativeTarget section */

/* Begin PBXProject section */
		27FB7033260E33990033B953 /* Project object */ = {
			isa = PBXProject;
			attributes = {
				LastSwiftUpdateCheck = 1240;
				LastUpgradeCheck = 1240;
				TargetAttributes = {
					27FB703A260E339A0033B953 = {
						CreatedOnToolsVersion = 12.4;
					};
				};
			};
			buildConfigurationList = 27FB7036260E33990033B953 /* Build configuration list for PBXProject "Stacked Fitness" */;
			compatibilityVersion = "Xcode 9.3";
			developmentRegion = en;
			hasScannedForEncodings = 0;
			knownRegions = (
				en,
				Base,
			);
			mainGroup = 27FB7032260E33990033B953;
			productRefGroup = 27FB703C260E339A0033B953 /* Products */;
			projectDirPath = "";
			projectRoot = "";
			targets = (
				27FB703A260E339A0033B953 /* Stacked Fitness */,
			);
		};
/* End PBXProject section */

/* Begin PBXResourcesBuildPhase section */
		27FB7039260E339A0033B953 /* Resources */ = {
			isa = PBXResourcesBuildPhase;
			buildActionMask = 2147483647;
			files = (
				27FB7046260E339B0033B953 /* Preview Assets.xcassets in Resources */,
				27FB7043260E339B0033B953 /* Assets.xcassets in Resources */,
				27FB704F260E377A0033B953 /* GoogleService-Info.plist in Resources */,
			);
			runOnlyForDeploymentPostprocessing = 0;
		};
/* End PBXResourcesBuildPhase section */

/* Begin PBXShellScriptBuildPhase section */
		749D58CC19FCB8182C3E84E7 /* [CP] Embed Pods Frameworks */ = {
			isa = PBXShellScriptBuildPhase;
			buildActionMask = 2147483647;
			files = (
			);
			inputFileListPaths = (
				"${PODS_ROOT}/Target Support Files/Pods-Stacked Fitness/Pods-Stacked Fitness-frameworks-${CONFIGURATION}-input-files.xcfilelist",
			);
			name = "[CP] Embed Pods Frameworks";
			outputFileListPaths = (
				"${PODS_ROOT}/Target Support Files/Pods-Stacked Fitness/Pods-Stacked Fitness-frameworks-${CONFIGURATION}-output-files.xcfilelist",
			);
			runOnlyForDeploymentPostprocessing = 0;
			shellPath = /bin/sh;
			shellScript = "\"${PODS_ROOT}/Target Support Files/Pods-Stacked Fitness/Pods-Stacked Fitness-frameworks.sh\"\n";
			showEnvVarsInLog = 0;
		};
		EA26AC1651B57DE676DBD07D /* [CP] Check Pods Manifest.lock */ = {
			isa = PBXShellScriptBuildPhase;
			buildActionMask = 2147483647;
			files = (
			);
			inputFileListPaths = (
			);
			inputPaths = (
				"${PODS_PODFILE_DIR_PATH}/Podfile.lock",
				"${PODS_ROOT}/Manifest.lock",
			);
			name = "[CP] Check Pods Manifest.lock";
			outputFileListPaths = (
			);
			outputPaths = (
				"$(DERIVED_FILE_DIR)/Pods-Stacked Fitness-checkManifestLockResult.txt",
			);
			runOnlyForDeploymentPostprocessing = 0;
			shellPath = /bin/sh;
			shellScript = "diff \"${PODS_PODFILE_DIR_PATH}/Podfile.lock\" \"${PODS_ROOT}/Manifest.lock\" > /dev/null\nif [ $? != 0 ] ; then\n    # print error to STDERR\n    echo \"error: The sandbox is not in sync with the Podfile.lock. Run 'pod install' or update your CocoaPods installation.\" >&2\n    exit 1\nfi\n# This output is used by Xcode 'outputs' to avoid re-running this script phase.\necho \"SUCCESS\" > \"${SCRIPT_OUTPUT_FILE_0}\"\n";
			showEnvVarsInLog = 0;
		};
/* End PBXShellScriptBuildPhase section */

/* Begin PBXSourcesBuildPhase section */
		27FB7037260E339A0033B953 /* Sources */ = {
			isa = PBXSourcesBuildPhase;
			buildActionMask = 2147483647;
			files = (
				27FB7041260E339A0033B953 /* ContentView.swift in Sources */,
				272807F22624663B00C7156B /* ProfileView.swift in Sources */,
				27FB703F260E339A0033B953 /* Stacked_FitnessApp.swift in Sources */,
				276BBB6E261209F2001D1F62 /* AuthView.swift in Sources */,
				27A54B1D26147557006030E6 /* WorkoutDetailView.swift in Sources */,
				2740D755261333DE00A7B5AC /* NewWorkoutView.swift in Sources */,
				271438FC2616234800EEA387 /* ImageLoader.swift in Sources */,
				271438CA2615384100EEA387 /* WorkoutCardView.swift in Sources */,
				2740D75A2613394C00A7B5AC /* WorkoutStore.swift in Sources */,
				271438CF2615F85F00EEA387 /* ImagePicker.swift in Sources */,
				270BC861261319B5002B074D /* WorkoutHistoryView.swift in Sources */,
				271438FF2616236800EEA387 /* WorkoutImageView.swift in Sources */,
				276BBB6B2611E944001D1F62 /* SessionStore.swift in Sources */,
			);
			runOnlyForDeploymentPostprocessing = 0;
		};
/* End PBXSourcesBuildPhase section */

/* Begin XCBuildConfiguration section */
		27FB7048260E339B0033B953 /* Debug */ = {
			isa = XCBuildConfiguration;
			buildSettings = {
				ALWAYS_SEARCH_USER_PATHS = NO;
				CLANG_ANALYZER_NONNULL = YES;
				CLANG_ANALYZER_NUMBER_OBJECT_CONVERSION = YES_AGGRESSIVE;
				CLANG_CXX_LANGUAGE_STANDARD = "gnu++14";
				CLANG_CXX_LIBRARY = "libc++";
				CLANG_ENABLE_MODULES = YES;
				CLANG_ENABLE_OBJC_ARC = YES;
				CLANG_ENABLE_OBJC_WEAK = YES;
				CLANG_WARN_BLOCK_CAPTURE_AUTORELEASING = YES;
				CLANG_WARN_BOOL_CONVERSION = YES;
				CLANG_WARN_COMMA = YES;
				CLANG_WARN_CONSTANT_CONVERSION = YES;
				CLANG_WARN_DEPRECATED_OBJC_IMPLEMENTATIONS = YES;
				CLANG_WARN_DIRECT_OBJC_ISA_USAGE = YES_ERROR;
				CLANG_WARN_DOCUMENTATION_COMMENTS = YES;
				CLANG_WARN_EMPTY_BODY = YES;
				CLANG_WARN_ENUM_CONVERSION = YES;
				CLANG_WARN_INFINITE_RECURSION = YES;
				CLANG_WARN_INT_CONVERSION = YES;
				CLANG_WARN_NON_LITERAL_NULL_CONVERSION = YES;
				CLANG_WARN_OBJC_IMPLICIT_RETAIN_SELF = YES;
				CLANG_WARN_OBJC_LITERAL_CONVERSION = YES;
				CLANG_WARN_OBJC_ROOT_CLASS = YES_ERROR;
				CLANG_WARN_QUOTED_INCLUDE_IN_FRAMEWORK_HEADER = YES;
				CLANG_WARN_RANGE_LOOP_ANALYSIS = YES;
				CLANG_WARN_STRICT_PROTOTYPES = YES;
				CLANG_WARN_SUSPICIOUS_MOVE = YES;
				CLANG_WARN_UNGUARDED_AVAILABILITY = YES_AGGRESSIVE;
				CLANG_WARN_UNREACHABLE_CODE = YES;
				CLANG_WARN__DUPLICATE_METHOD_MATCH = YES;
				COPY_PHASE_STRIP = NO;
				DEBUG_INFORMATION_FORMAT = dwarf;
				ENABLE_STRICT_OBJC_MSGSEND = YES;
				ENABLE_TESTABILITY = YES;
				GCC_C_LANGUAGE_STANDARD = gnu11;
				GCC_DYNAMIC_NO_PIC = NO;
				GCC_NO_COMMON_BLOCKS = YES;
				GCC_OPTIMIZATION_LEVEL = 0;
				GCC_PREPROCESSOR_DEFINITIONS = (
					"DEBUG=1",
					"$(inherited)",
				);
				GCC_WARN_64_TO_32_BIT_CONVERSION = YES;
				GCC_WARN_ABOUT_RETURN_TYPE = YES_ERROR;
				GCC_WARN_UNDECLARED_SELECTOR = YES;
				GCC_WARN_UNINITIALIZED_AUTOS = YES_AGGRESSIVE;
				GCC_WARN_UNUSED_FUNCTION = YES;
				GCC_WARN_UNUSED_VARIABLE = YES;
				IPHONEOS_DEPLOYMENT_TARGET = 14.4;
				MTL_ENABLE_DEBUG_INFO = INCLUDE_SOURCE;
				MTL_FAST_MATH = YES;
				ONLY_ACTIVE_ARCH = YES;
				SDKROOT = iphoneos;
				SWIFT_ACTIVE_COMPILATION_CONDITIONS = DEBUG;
				SWIFT_OPTIMIZATION_LEVEL = "-Onone";
			};
			name = Debug;
		};
		27FB7049260E339B0033B953 /* Release */ = {
			isa = XCBuildConfiguration;
			buildSettings = {
				ALWAYS_SEARCH_USER_PATHS = NO;
				CLANG_ANALYZER_NONNULL = YES;
				CLANG_ANALYZER_NUMBER_OBJECT_CONVERSION = YES_AGGRESSIVE;
				CLANG_CXX_LANGUAGE_STANDARD = "gnu++14";
				CLANG_CXX_LIBRARY = "libc++";
				CLANG_ENABLE_MODULES = YES;
				CLANG_ENABLE_OBJC_ARC = YES;
				CLANG_ENABLE_OBJC_WEAK = YES;
				CLANG_WARN_BLOCK_CAPTURE_AUTORELEASING = YES;
				CLANG_WARN_BOOL_CONVERSION = YES;
				CLANG_WARN_COMMA = YES;
				CLANG_WARN_CONSTANT_CONVERSION = YES;
				CLANG_WARN_DEPRECATED_OBJC_IMPLEMENTATIONS = YES;
				CLANG_WARN_DIRECT_OBJC_ISA_USAGE = YES_ERROR;
				CLANG_WARN_DOCUMENTATION_COMMENTS = YES;
				CLANG_WARN_EMPTY_BODY = YES;
				CLANG_WARN_ENUM_CONVERSION = YES;
				CLANG_WARN_INFINITE_RECURSION = YES;
				CLANG_WARN_INT_CONVERSION = YES;
				CLANG_WARN_NON_LITERAL_NULL_CONVERSION = YES;
				CLANG_WARN_OBJC_IMPLICIT_RETAIN_SELF = YES;
				CLANG_WARN_OBJC_LITERAL_CONVERSION = YES;
				CLANG_WARN_OBJC_ROOT_CLASS = YES_ERROR;
				CLANG_WARN_QUOTED_INCLUDE_IN_FRAMEWORK_HEADER = YES;
				CLANG_WARN_RANGE_LOOP_ANALYSIS = YES;
				CLANG_WARN_STRICT_PROTOTYPES = YES;
				CLANG_WARN_SUSPICIOUS_MOVE = YES;
				CLANG_WARN_UNGUARDED_AVAILABILITY = YES_AGGRESSIVE;
				CLANG_WARN_UNREACHABLE_CODE = YES;
				CLANG_WARN__DUPLICATE_METHOD_MATCH = YES;
				COPY_PHASE_STRIP = NO;
				DEBUG_INFORMATION_FORMAT = "dwarf-with-dsym";
				ENABLE_NS_ASSERTIONS = NO;
				ENABLE_STRICT_OBJC_MSGSEND = YES;
				GCC_C_LANGUAGE_STANDARD = gnu11;
				GCC_NO_COMMON_BLOCKS = YES;
				GCC_WARN_64_TO_32_BIT_CONVERSION = YES;
				GCC_WARN_ABOUT_RETURN_TYPE = YES_ERROR;
				GCC_WARN_UNDECLARED_SELECTOR = YES;
				GCC_WARN_UNINITIALIZED_AUTOS = YES_AGGRESSIVE;
				GCC_WARN_UNUSED_FUNCTION = YES;
				GCC_WARN_UNUSED_VARIABLE = YES;
				IPHONEOS_DEPLOYMENT_TARGET = 14.4;
				MTL_ENABLE_DEBUG_INFO = NO;
				MTL_FAST_MATH = YES;
				SDKROOT = iphoneos;
				SWIFT_COMPILATION_MODE = wholemodule;
				SWIFT_OPTIMIZATION_LEVEL = "-O";
				VALIDATE_PRODUCT = YES;
			};
			name = Release;
		};
		27FB704B260E339B0033B953 /* Debug */ = {
			isa = XCBuildConfiguration;
			baseConfigurationReference = 571E851361C96FFB85247780 /* Pods-Stacked Fitness.debug.xcconfig */;
			buildSettings = {
				ASSETCATALOG_COMPILER_APPICON_NAME = AppIcon;
				ASSETCATALOG_COMPILER_GLOBAL_ACCENT_COLOR_NAME = AccentColor;
				CODE_SIGN_STYLE = Automatic;
				DEVELOPMENT_ASSET_PATHS = "\"Stacked Fitness/Preview Content\"";
				DEVELOPMENT_TEAM = PA3CQKBV4P;
				ENABLE_PREVIEWS = YES;
				INFOPLIST_FILE = "Stacked Fitness/Info.plist";
				IPHONEOS_DEPLOYMENT_TARGET = 14.0;
				LD_RUNPATH_SEARCH_PATHS = (
					"$(inherited)",
					"@executable_path/Frameworks",
				);
				PRODUCT_BUNDLE_IDENTIFIER = "com.andreistoc.stacked-fitness";
				PRODUCT_NAME = "$(TARGET_NAME)";
				SWIFT_VERSION = 5.0;
				TARGETED_DEVICE_FAMILY = 1;
			};
			name = Debug;
		};
		27FB704C260E339B0033B953 /* Release */ = {
			isa = XCBuildConfiguration;
			baseConfigurationReference = B88C17264F892B640519B490 /* Pods-Stacked Fitness.release.xcconfig */;
			buildSettings = {
				ASSETCATALOG_COMPILER_APPICON_NAME = AppIcon;
				ASSETCATALOG_COMPILER_GLOBAL_ACCENT_COLOR_NAME = AccentColor;
				CODE_SIGN_STYLE = Automatic;
				DEVELOPMENT_ASSET_PATHS = "\"Stacked Fitness/Preview Content\"";
				DEVELOPMENT_TEAM = PA3CQKBV4P;
				ENABLE_PREVIEWS = YES;
				INFOPLIST_FILE = "Stacked Fitness/Info.plist";
				IPHONEOS_DEPLOYMENT_TARGET = 14.0;
				LD_RUNPATH_SEARCH_PATHS = (
					"$(inherited)",
					"@executable_path/Frameworks",
				);
				PRODUCT_BUNDLE_IDENTIFIER = "com.andreistoc.stacked-fitness";
				PRODUCT_NAME = "$(TARGET_NAME)";
				SWIFT_VERSION = 5.0;
				TARGETED_DEVICE_FAMILY = 1;
			};
			name = Release;
		};
/* End XCBuildConfiguration section */

/* Begin XCConfigurationList section */
		27FB7036260E33990033B953 /* Build configuration list for PBXProject "Stacked Fitness" */ = {
			isa = XCConfigurationList;
			buildConfigurations = (
				27FB7048260E339B0033B953 /* Debug */,
				27FB7049260E339B0033B953 /* Release */,
			);
			defaultConfigurationIsVisible = 0;
			defaultConfigurationName = Release;
		};
		27FB704A260E339B0033B953 /* Build configuration list for PBXNativeTarget "Stacked Fitness" */ = {
			isa = XCConfigurationList;
			buildConfigurations = (
				27FB704B260E339B0033B953 /* Debug */,
				27FB704C260E339B0033B953 /* Release */,
			);
			defaultConfigurationIsVisible = 0;
			defaultConfigurationName = Release;
		};
/* End XCConfigurationList section */
	};
	rootObject = 27FB7033260E33990033B953 /* Project object */;
}
